
Microsoft Visual Studio Solution File, Format Version 12.00
# Visual Studio Version 16
VisualStudioVersion = 16.0.30114.105
MinimumVisualStudioVersion = 10.0.40219.1
Project("{FAE04EC0-301F-11D3-BF4B-00C04F79EFBC}") = "Starcraft Mod Manager", "Starcraft Mod Manager.csproj", "{15099866-786E-4D09-BBB0-E38313CCE0E5}"
EndProject
Project("{2150E333-8FDC-42A3-9474-1A3956D46DE8}") = "Solution Items", "Solution Items", "{322A0D10-26E5-4CF8-9CAE-AD97DA696D10}"
	ProjectSection(SolutionItems) = preProject
		Updater.cs = Updater.cs
	EndProjectSection
EndProject
Global
	GlobalSection(SolutionConfigurationPlatforms) = preSolution
		Debug|Any CPU = Debug|Any CPU
		Release|Any CPU = Release|Any CPU
	EndGlobalSection
	GlobalSection(ProjectConfigurationPlatforms) = postSolution
		{15099866-786E-4D09-BBB0-E38313CCE0E5}.Debug|Any CPU.ActiveCfg = Debug|Any CPU
		{15099866-786E-4D09-BBB0-E38313CCE0E5}.Debug|Any CPU.Build.0 = Debug|Any CPU
		{15099866-786E-4D09-BBB0-E38313CCE0E5}.Release|Any CPU.ActiveCfg = Release|Any CPU
		{15099866-786E-4D09-BBB0-E38313CCE0E5}.Release|Any CPU.Build.0 = Release|Any CPU
	EndGlobalSection
	GlobalSection(SolutionProperties) = preSolution
		HideSolutionNode = FALSE
	EndGlobalSection
	GlobalSection(ExtensibilityGlobals) = postSolution
		SolutionGuid = {94414CCD-3D41-4DF4-8F57-A6D1D6DAF99A}
	EndGlobalSection
EndGlobal
